Microsoft Visual Studio Solution File, Format Version 12.00
# Visual Studio Version 17
VisualStudioVersion = 17.5.33530.505
MinimumVisualStudioVersion = 10.0.40219.1
Project("{FAE04EC0-301F-11D3-BF4B-00C04F79EFBC}") = "Swftx.Wpf", "Swftx.Wpf\Swftx.Wpf.csproj", "{EBDA88CE-35E3-49D3-957A-1AD8CAA78E39}"
EndProject
Global
	GlobalSection(SolutionConfigurationPlatforms) = preSolution
		Debug|Any CPU = Debug|Any CPU
		Release|Any CPU = Release|Any CPU
	EndGlobalSection
	GlobalSection(ProjectConfigurationPlatforms) = postSolution
		{EBDA88CE-35E3-49D3-957A-1AD8CAA78E39}.Debug|Any CPU.ActiveCfg = Debug|Any CPU
		{EBDA88CE-35E3-49D3-957A-1AD8CAA78E39}.Debug|Any CPU.Build.0 = Debug|Any CPU
		{EBDA88CE-35E3-49D3-957A-1AD8CAA78E39}.Release|Any CPU.ActiveCfg = Release|Any CPU
		{EBDA88CE-35E3-49D3-957A-1AD8CAA78E39}.Release|Any CPU.Build.0 = Release|Any CPU
	EndGlobalSection
	GlobalSection(SolutionProperties) = preSolution
		HideSolutionNode = FALSE
	EndGlobalSection
	GlobalSection(ExtensibilityGlobals) = postSolution
		SolutionGuid = {40CD694E-2FD6-439E-B279-217266E35CE8}
	EndGlobalSection
EndGlobal
